PODS:
  - AddThen (1.0.2)
  - SnapKit (5.0.1)

DEPENDENCIES:
  - AddThen
  - SnapKit

SPEC REPOS:
  trunk:
    - AddThen
    - SnapKit

SPEC CHECKSUMS:
  AddThen: b26a186cbabf26f168820f577012efc47dfb7427
  SnapKit: 97b92857e3df3a0c71833cce143274bf6ef8e5eb

PODFILE CHECKSUM: 93ee62dba2cb0ecab2f3e66f575e594360c22129

COCOAPODS: 1.11.2
