// !$*UTF8*$!
{
	archiveVersion = 1;
	classes = {
	};
	objectVersion = 55;
	objects = {

/* Begin PBXBuildFile section */
		0FC90B096828CA9722F8D038 /* Pods_Karrot.framework in Frameworks */ = {isa = PBXBuildFile; fileRef = EBB1B45AE96AE772AA3C2269 /* Pods_Karrot.framework */; };
		1211FC66276A10E300539AA0 /* AppDelegate.swift in Sources */ = {isa = PBXBuildFile; fileRef = 1211FC65276A10E300539AA0 /* AppDelegate.swift */; };
		1211FC68276A10E300539AA0 /* SceneDelegate.swift in Sources */ = {isa = PBXBuildFile; fileRef = 1211FC67276A10E300539AA0 /* SceneDelegate.swift */; };
		1211FC6A276A10E300539AA0 /* MainViewController.swift in Sources */ = {isa = PBXBuildFile; fileRef = 1211FC69276A10E300539AA0 /* MainViewController.swift */; };
		1211FC6D276A10E300539AA0 /* Main.storyboard in Resources */ = {isa = PBXBuildFile; fileRef = 1211FC6B276A10E300539AA0 /* Main.storyboard */; };
		1211FC6F276A10E500539AA0 /* Assets.xcassets in Resources */ = {isa = PBXBuildFile; fileRef = 1211FC6E276A10E500539AA0 /* Assets.xcassets */; };
		1211FC72276A10E500539AA0 /* LaunchScreen.storyboard in Resources */ = {isa = PBXBuildFile; fileRef = 1211FC70276A10E500539AA0 /* LaunchScreen.storyboard */; };
		1211FC7A276B102400539AA0 /* APIService.swift in Sources */ = {isa = PBXBuildFile; fileRef = 1211FC79276B102400539AA0 /* APIService.swift */; };
		1211FC7C276C4C4800539AA0 /* Book.swift in Sources */ = {isa = PBXBuildFile; fileRef = 1211FC7B276C4C4800539AA0 /* Book.swift */; };
		1211FC80276C4D4B00539AA0 /* APIError.swift in Sources */ = {isa = PBXBuildFile; fileRef = 1211FC7F276C4D4B00539AA0 /* APIError.swift */; };
		1211FC85276C54BC00539AA0 /* MainTableViewCell.swift in Sources */ = {isa = PBXBuildFile; fileRef = 1211FC84276C54BC00539AA0 /* MainTableViewCell.swift */; };
		1211FC87276C827100539AA0 /* MainViewModel.swift in Sources */ = {isa = PBXBuildFile; fileRef = 1211FC86276C827100539AA0 /* MainViewModel.swift */; };
		1211FC89276CAB2900539AA0 /* ImageCacheService.swift in Sources */ = {isa = PBXBuildFile; fileRef = 1211FC88276CAB2900539AA0 /* ImageCacheService.swift */; };
		1211FC8B276CAC0E00539AA0 /* DetailViewController.swift in Sources */ = {isa = PBXBuildFile; fileRef = 1211FC8A276CAC0E00539AA0 /* DetailViewController.swift */; };
		1211FC8E276CD3DB00539AA0 /* UILabel+Extension.swift in Sources */ = {isa = PBXBuildFile; fileRef = 1211FC8D276CD3DB00539AA0 /* UILabel+Extension.swift */; };
		1211FC90276CD3EF00539AA0 /* DetailViewModel.swift in Sources */ = {isa = PBXBuildFile; fileRef = 1211FC8F276CD3EF00539AA0 /* DetailViewModel.swift */; };
		1211FC92276CFDD600539AA0 /* SearchBooks.swift in Sources */ = {isa = PBXBuildFile; fileRef = 1211FC91276CFDD600539AA0 /* SearchBooks.swift */; };
		1211FC94276CFDF100539AA0 /* ISBNBook.swift in Sources */ = {isa = PBXBuildFile; fileRef = 1211FC93276CFDF100539AA0 /* ISBNBook.swift */; };
/* End PBXBuildFile section */

/* Begin PBXFileReference section */
		088C83314FE23665D3CD6AE2 /* Pods-Karrot.release.xcconfig */ = {isa = PBXFileReference; includeInIndex = 1; lastKnownFileType = text.xcconfig; name = "Pods-Karrot.release.xcconfig"; path = "Target Support Files/Pods-Karrot/Pods-Karrot.release.xcconfig"; sourceTree = "<group>"; };
		1211FC62276A10E300539AA0 /* Karrot.app */ = {isa = PBXFileReference; explicitFileType = wrapper.application; includeInIndex = 0; path = Karrot.app; sourceTree = BUILT_PRODUCTS_DIR; };
		1211FC65276A10E300539AA0 /* AppDelegate.swift */ = {isa = PBXFileReference; lastKnownFileType = sourcecode.swift; path = AppDelegate.swift; sourceTree = "<group>"; };
		1211FC67276A10E300539AA0 /* SceneDelegate.swift */ = {isa = PBXFileReference; lastKnownFileType = sourcecode.swift; path = SceneDelegate.swift; sourceTree = "<group>"; };
		1211FC69276A10E300539AA0 /* MainViewController.swift */ = {isa = PBXFileReference; lastKnownFileType = sourcecode.swift; path = MainViewController.swift; sourceTree = "<group>"; };
		1211FC6C276A10E300539AA0 /* Base */ = {isa = PBXFileReference; lastKnownFileType = file.storyboard; name = Base; path = Base.lproj/Main.storyboard; sourceTree = "<group>"; };
		1211FC6E276A10E500539AA0 /* Assets.xcassets */ = {isa = PBXFileReference; lastKnownFileType = folder.assetcatalog; path = Assets.xcassets; sourceTree = "<group>"; };
		1211FC71276A10E500539AA0 /* Base */ = {isa = PBXFileReference; lastKnownFileType = file.storyboard; name = Base; path = Base.lproj/LaunchScreen.storyboard; sourceTree = "<group>"; };
		1211FC73276A10E500539AA0 /* Info.plist */ = {isa = PBXFileReference; lastKnownFileType = text.plist.xml; path = Info.plist; sourceTree = "<group>"; };
		1211FC79276B102400539AA0 /* APIService.swift */ = {isa = PBXFileReference; lastKnownFileType = sourcecode.swift; path = APIService.swift; sourceTree = "<group>"; };
		1211FC7B276C4C4800539AA0 /* Book.swift */ = {isa = PBXFileReference; lastKnownFileType = sourcecode.swift; path = Book.swift; sourceTree = "<group>"; };
		1211FC7F276C4D4B00539AA0 /* APIError.swift */ = {isa = PBXFileReference; lastKnownFileType = sourcecode.swift; path = APIError.swift; sourceTree = "<group>"; };
		1211FC84276C54BC00539AA0 /* MainTableViewCell.swift */ = {isa = PBXFileReference; lastKnownFileType = sourcecode.swift; path = MainTableViewCell.swift; sourceTree = "<group>"; };
		1211FC86276C827100539AA0 /* MainViewModel.swift */ = {isa = PBXFileReference; lastKnownFileType = sourcecode.swift; path = MainViewModel.swift; sourceTree = "<group>"; };
		1211FC88276CAB2900539AA0 /* ImageCacheService.swift */ = {isa = PBXFileReference; lastKnownFileType = sourcecode.swift; path = ImageCacheService.swift; sourceTree = "<group>"; };
		1211FC8A276CAC0E00539AA0 /* DetailViewController.swift */ = {isa = PBXFileReference; lastKnownFileType = sourcecode.swift; path = DetailViewController.swift; sourceTree = "<group>"; };
		1211FC8D276CD3DB00539AA0 /* UILabel+Extension.swift */ = {isa = PBXFileReference; lastKnownFileType = sourcecode.swift; path = "UILabel+Extension.swift"; sourceTree = "<group>"; };
		1211FC8F276CD3EF00539AA0 /* DetailViewModel.swift */ = {isa = PBXFileReference; lastKnownFileType = sourcecode.swift; path = DetailViewModel.swift; sourceTree = "<group>"; };
		1211FC91276CFDD600539AA0 /* SearchBooks.swift */ = {isa = PBXFileReference; lastKnownFileType = sourcecode.swift; path = SearchBooks.swift; sourceTree = "<group>"; };
		1211FC93276CFDF100539AA0 /* ISBNBook.swift */ = {isa = PBXFileReference; lastKnownFileType = sourcecode.swift; path = ISBNBook.swift; sourceTree = "<group>"; };
		E832F246EC1888F746432905 /* Pods-Karrot.debug.xcconfig */ = {isa = PBXFileReference; includeInIndex = 1; lastKnownFileType = text.xcconfig; name = "Pods-Karrot.debug.xcconfig"; path = "Target Support Files/Pods-Karrot/Pods-Karrot.debug.xcconfig"; sourceTree = "<group>"; };
		EBB1B45AE96AE772AA3C2269 /* Pods_Karrot.framework */ = {isa = PBXFileReference; explicitFileType = wrapper.framework; includeInIndex = 0; path = Pods_Karrot.framework; sourceTree = BUILT_PRODUCTS_DIR; };
/* End PBXFileReference section */

/* Begin PBXFrameworksBuildPhase section */
		1211FC5F276A10E300539AA0 /* Frameworks */ = {
			isa = PBXFrameworksBuildPhase;
			buildActionMask = 2147483647;
			files = (
				0FC90B096828CA9722F8D038 /* Pods_Karrot.framework in Frameworks */,
			);
			runOnlyForDeploymentPostprocessing = 0;
		};
/* End PBXFrameworksBuildPhase section */

/* Begin PBXGroup section */
		1211FC59276A10E300539AA0 = {
			isa = PBXGroup;
			children = (
				1211FC64276A10E300539AA0 /* Karrot */,
				1211FC63276A10E300539AA0 /* Products */,
				FFA9160EA5D05AEDEE711894 /* Pods */,
				6B5886E6BF45B4C739EF1E92 /* Frameworks */,
			);
			sourceTree = "<group>";
		};
		1211FC63276A10E300539AA0 /* Products */ = {
			isa = PBXGroup;
			children = (
				1211FC62276A10E300539AA0 /* Karrot.app */,
			);
			name = Products;
			sourceTree = "<group>";
		};
		1211FC64276A10E300539AA0 /* Karrot */ = {
			isa = PBXGroup;
			children = (
				1211FC8C276CD3C700539AA0 /* Extension */,
				1211FC81276C521B00539AA0 /* ViewController */,
				1211FC7E276C4C7D00539AA0 /* Model */,
				1211FC7D276C4C7000539AA0 /* Service */,
				1211FC65276A10E300539AA0 /* AppDelegate.swift */,
				1211FC67276A10E300539AA0 /* SceneDelegate.swift */,
				1211FC6B276A10E300539AA0 /* Main.storyboard */,
				1211FC6E276A10E500539AA0 /* Assets.xcassets */,
				1211FC70276A10E500539AA0 /* LaunchScreen.storyboard */,
				1211FC73276A10E500539AA0 /* Info.plist */,
			);
			path = Karrot;
			sourceTree = "<group>";
		};
		1211FC7D276C4C7000539AA0 /* Service */ = {
			isa = PBXGroup;
			children = (
				1211FC79276B102400539AA0 /* APIService.swift */,
				1211FC7F276C4D4B00539AA0 /* APIError.swift */,
				1211FC88276CAB2900539AA0 /* ImageCacheService.swift */,
			);
			path = Service;
			sourceTree = "<group>";
		};
		1211FC7E276C4C7D00539AA0 /* Model */ = {
			isa = PBXGroup;
			children = (
				1211FC7B276C4C4800539AA0 /* Book.swift */,
				1211FC91276CFDD600539AA0 /* SearchBooks.swift */,
				1211FC93276CFDF100539AA0 /* ISBNBook.swift */,
			);
			path = Model;
			sourceTree = "<group>";
		};
		1211FC81276C521B00539AA0 /* ViewController */ = {
			isa = PBXGroup;
			children = (
				1211FC83276C523300539AA0 /* Detail */,
				1211FC82276C522B00539AA0 /* Main */,
			);
			path = ViewController;
			sourceTree = "<group>";
		};
		1211FC82276C522B00539AA0 /* Main */ = {
			isa = PBXGroup;
			children = (
				1211FC69276A10E300539AA0 /* MainViewController.swift */,
				1211FC84276C54BC00539AA0 /* MainTableViewCell.swift */,
				1211FC86276C827100539AA0 /* MainViewModel.swift */,
			);
			path = Main;
			sourceTree = "<group>";
		};
		1211FC83276C523300539AA0 /* Detail */ = {
			isa = PBXGroup;
			children = (
				1211FC8A276CAC0E00539AA0 /* DetailViewController.swift */,
				1211FC8F276CD3EF00539AA0 /* DetailViewModel.swift */,
			);
			path = Detail;
			sourceTree = "<group>";
		};
		1211FC8C276CD3C700539AA0 /* Extension */ = {
			isa = PBXGroup;
			children = (
				1211FC8D276CD3DB00539AA0 /* UILabel+Extension.swift */,
			);
			path = Extension;
			sourceTree = "<group>";
		};
		6B5886E6BF45B4C739EF1E92 /* Frameworks */ = {
			isa = PBXGroup;
			children = (
				EBB1B45AE96AE772AA3C2269 /* Pods_Karrot.framework */,
			);
			name = Frameworks;
			sourceTree = "<group>";
		};
		FFA9160EA5D05AEDEE711894 /* Pods */ = {
			isa = PBXGroup;
			children = (
				E832F246EC1888F746432905 /* Pods-Karrot.debug.xcconfig */,
				088C83314FE23665D3CD6AE2 /* Pods-Karrot.release.xcconfig */,
			);
			path = Pods;
			sourceTree = "<group>";
		};
/* End PBXGroup section */

/* Begin PBXNativeTarget section */
		1211FC61276A10E300539AA0 /* Karrot */ = {
			isa = PBXNativeTarget;
			buildConfigurationList = 1211FC76276A10E500539AA0 /* Build configuration list for PBXNativeTarget "Karrot" */;
			buildPhases = (
				C49C24456CB36D2329F3E0A1 /* [CP] Check Pods Manifest.lock */,
				1211FC5E276A10E300539AA0 /* Sources */,
				1211FC5F276A10E300539AA0 /* Frameworks */,
				1211FC60276A10E300539AA0 /* Resources */,
				57D44C9BDE3B45EF2BC8B11D /* [CP] Embed Pods Frameworks */,
			);
			buildRules = (
			);
			dependencies = (
			);
			name = Karrot;
			productName = Karrot;
			productReference = 1211FC62276A10E300539AA0 /* Karrot.app */;
			productType = "com.apple.product-type.application";
		};
/* End PBXNativeTarget section */

/* Begin PBXProject section */
		1211FC5A276A10E300539AA0 /* Project object */ = {
			isa = PBXProject;
			attributes = {
				BuildIndependentTargetsInParallel = 1;
				LastSwiftUpdateCheck = 1310;
				LastUpgradeCheck = 1310;
				TargetAttributes = {
					1211FC61276A10E300539AA0 = {
						CreatedOnToolsVersion = 13.1;
					};
				};
			};
			buildConfigurationList = 1211FC5D276A10E300539AA0 /* Build configuration list for PBXProject "Karrot" */;
			compatibilityVersion = "Xcode 13.0";
			developmentRegion = en;
			hasScannedForEncodings = 0;
			knownRegions = (
				en,
				Base,
			);
			mainGroup = 1211FC59276A10E300539AA0;
			productRefGroup = 1211FC63276A10E300539AA0 /* Products */;
			projectDirPath = "";
			projectRoot = "";
			targets = (
				1211FC61276A10E300539AA0 /* Karrot */,
			);
		};
/* End PBXProject section */

/* Begin PBXResourcesBuildPhase section */
		1211FC60276A10E300539AA0 /* Resources */ = {
			isa = PBXResourcesBuildPhase;
			buildActionMask = 2147483647;
			files = (
				1211FC72276A10E500539AA0 /* LaunchScreen.storyboard in Resources */,
				1211FC6F276A10E500539AA0 /* Assets.xcassets in Resources */,
				1211FC6D276A10E300539AA0 /* Main.storyboard in Resources */,
			);
			runOnlyForDeploymentPostprocessing = 0;
		};
/* End PBXResourcesBuildPhase section */

/* Begin PBXShellScriptBuildPhase section */
		57D44C9BDE3B45EF2BC8B11D /* [CP] Embed Pods Frameworks */ = {
			isa = PBXShellScriptBuildPhase;
			buildActionMask = 2147483647;
			files = (
			);
			inputFileListPaths = (
				"${PODS_ROOT}/Target Support Files/Pods-Karrot/Pods-Karrot-frameworks-${CONFIGURATION}-input-files.xcfilelist",
			);
			name = "[CP] Embed Pods Frameworks";
			outputFileListPaths = (
				"${PODS_ROOT}/Target Support Files/Pods-Karrot/Pods-Karrot-frameworks-${CONFIGURATION}-output-files.xcfilelist",
			);
			runOnlyForDeploymentPostprocessing = 0;
			shellPath = /bin/sh;
			shellScript = "\"${PODS_ROOT}/Target Support Files/Pods-Karrot/Pods-Karrot-frameworks.sh\"\n";
			showEnvVarsInLog = 0;
		};
		C49C24456CB36D2329F3E0A1 /* [CP] Check Pods Manifest.lock */ = {
			isa = PBXShellScriptBuildPhase;
			buildActionMask = 2147483647;
			files = (
			);
			inputFileListPaths = (
			);
			inputPaths = (
				"${PODS_PODFILE_DIR_PATH}/Podfile.lock",
				"${PODS_ROOT}/Manifest.lock",
			);
			name = "[CP] Check Pods Manifest.lock";
			outputFileListPaths = (
			);
			outputPaths = (
				"$(DERIVED_FILE_DIR)/Pods-Karrot-checkManifestLockResult.txt",
			);
			runOnlyForDeploymentPostprocessing = 0;
			shellPath = /bin/sh;
			shellScript = "diff \"${PODS_PODFILE_DIR_PATH}/Podfile.lock\" \"${PODS_ROOT}/Manifest.lock\" > /dev/null\nif [ $? != 0 ] ; then\n    # print error to STDERR\n    echo \"error: The sandbox is not in sync with the Podfile.lock. Run 'pod install' or update your CocoaPods installation.\" >&2\n    exit 1\nfi\n# This output is used by Xcode 'outputs' to avoid re-running this script phase.\necho \"SUCCESS\" > \"${SCRIPT_OUTPUT_FILE_0}\"\n";
			showEnvVarsInLog = 0;
		};
/* End PBXShellScriptBuildPhase section */

/* Begin PBXSourcesBuildPhase section */
		1211FC5E276A10E300539AA0 /* Sources */ = {
			isa = PBXSourcesBuildPhase;
			buildActionMask = 2147483647;
			files = (
				1211FC8E276CD3DB00539AA0 /* UILabel+Extension.swift in Sources */,
				1211FC7C276C4C4800539AA0 /* Book.swift in Sources */,
				1211FC6A276A10E300539AA0 /* MainViewController.swift in Sources */,
				1211FC66276A10E300539AA0 /* AppDelegate.swift in Sources */,
				1211FC92276CFDD600539AA0 /* SearchBooks.swift in Sources */,
				1211FC85276C54BC00539AA0 /* MainTableViewCell.swift in Sources */,
				1211FC7A276B102400539AA0 /* APIService.swift in Sources */,
				1211FC68276A10E300539AA0 /* SceneDelegate.swift in Sources */,
				1211FC90276CD3EF00539AA0 /* DetailViewModel.swift in Sources */,
				1211FC80276C4D4B00539AA0 /* APIError.swift in Sources */,
				1211FC8B276CAC0E00539AA0 /* DetailViewController.swift in Sources */,
				1211FC87276C827100539AA0 /* MainViewModel.swift in Sources */,
				1211FC94276CFDF100539AA0 /* ISBNBook.swift in Sources */,
				1211FC89276CAB2900539AA0 /* ImageCacheService.swift in Sources */,
			);
			runOnlyForDeploymentPostprocessing = 0;
		};
/* End PBXSourcesBuildPhase section */

/* Begin PBXVariantGroup section */
		1211FC6B276A10E300539AA0 /* Main.storyboard */ = {
			isa = PBXVariantGroup;
			children = (
				1211FC6C276A10E300539AA0 /* Base */,
			);
			name = Main.storyboard;
			sourceTree = "<group>";
		};
		1211FC70276A10E500539AA0 /* LaunchScreen.storyboard */ = {
			isa = PBXVariantGroup;
			children = (
				1211FC71276A10E500539AA0 /* Base */,
			);
			name = LaunchScreen.storyboard;
			sourceTree = "<group>";
		};
/* End PBXVariantGroup section */

/* Begin XCBuildConfiguration section */
		1211FC74276A10E500539AA0 /* Debug */ = {
			isa = XCBuildConfiguration;
			buildSettings = {
				ALWAYS_SEARCH_USER_PATHS = NO;
				CLANG_ANALYZER_NONNULL = YES;
				CLANG_ANALYZER_NUMBER_OBJECT_CONVERSION = YES_AGGRESSIVE;
				CLANG_CXX_LANGUAGE_STANDARD = "gnu++17";
				CLANG_CXX_LIBRARY = "libc++";
				CLANG_ENABLE_MODULES = YES;
				CLANG_ENABLE_OBJC_ARC = YES;
				CLANG_ENABLE_OBJC_WEAK = YES;
				CLANG_WARN_BLOCK_CAPTURE_AUTORELEASING = YES;
				CLANG_WARN_BOOL_CONVERSION = YES;
				CLANG_WARN_COMMA = YES;
				CLANG_WARN_CONSTANT_CONVERSION = YES;
				CLANG_WARN_DEPRECATED_OBJC_IMPLEMENTATIONS = YES;
				CLANG_WARN_DIRECT_OBJC_ISA_USAGE = YES_ERROR;
				CLANG_WARN_DOCUMENTATION_COMMENTS = YES;
				CLANG_WARN_EMPTY_BODY = YES;
				CLANG_WARN_ENUM_CONVERSION = YES;
				CLANG_WARN_INFINITE_RECURSION = YES;
				CLANG_WARN_INT_CONVERSION = YES;
				CLANG_WARN_NON_LITERAL_NULL_CONVERSION = YES;
				CLANG_WARN_OBJC_IMPLICIT_RETAIN_SELF = YES;
				CLANG_WARN_OBJC_LITERAL_CONVERSION = YES;
				CLANG_WARN_OBJC_ROOT_CLASS = YES_ERROR;
				CLANG_WARN_QUOTED_INCLUDE_IN_FRAMEWORK_HEADER = YES;
				CLANG_WARN_RANGE_LOOP_ANALYSIS = YES;
				CLANG_WARN_STRICT_PROTOTYPES = YES;
				CLANG_WARN_SUSPICIOUS_MOVE = YES;
				CLANG_WARN_UNGUARDED_AVAILABILITY = YES_AGGRESSIVE;
				CLANG_WARN_UNREACHABLE_CODE = YES;
				CLANG_WARN__DUPLICATE_METHOD_MATCH = YES;
				COPY_PHASE_STRIP = NO;
				DEBUG_INFORMATION_FORMAT = dwarf;
				ENABLE_STRICT_OBJC_MSGSEND = YES;
				ENABLE_TESTABILITY = YES;
				GCC_C_LANGUAGE_STANDARD = gnu11;
				GCC_DYNAMIC_NO_PIC = NO;
				GCC_NO_COMMON_BLOCKS = YES;
				GCC_OPTIMIZATION_LEVEL = 0;
				GCC_PREPROCESSOR_DEFINITIONS = (
					"DEBUG=1",
					"$(inherited)",
				);
				GCC_WARN_64_TO_32_BIT_CONVERSION = YES;
				GCC_WARN_ABOUT_RETURN_TYPE = YES_ERROR;
				GCC_WARN_UNDECLARED_SELECTOR = YES;
				GCC_WARN_UNINITIALIZED_AUTOS = YES_AGGRESSIVE;
				GCC_WARN_UNUSED_FUNCTION = YES;
				GCC_WARN_UNUSED_VARIABLE = YES;
				IPHONEOS_DEPLOYMENT_TARGET = 15.0;
				MTL_ENABLE_DEBUG_INFO = INCLUDE_SOURCE;
				MTL_FAST_MATH = YES;
				ONLY_ACTIVE_ARCH = YES;
				SDKROOT = iphoneos;
				SWIFT_ACTIVE_COMPILATION_CONDITIONS = DEBUG;
				SWIFT_OPTIMIZATION_LEVEL = "-Onone";
			};
			name = Debug;
		};
		1211FC75276A10E500539AA0 /* Release */ = {
			isa = XCBuildConfiguration;
			buildSettings = {
				ALWAYS_SEARCH_USER_PATHS = NO;
				CLANG_ANALYZER_NONNULL = YES;
				CLANG_ANALYZER_NUMBER_OBJECT_CONVERSION = YES_AGGRESSIVE;
				CLANG_CXX_LANGUAGE_STANDARD = "gnu++17";
				CLANG_CXX_LIBRARY = "libc++";
				CLANG_ENABLE_MODULES = YES;
				CLANG_ENABLE_OBJC_ARC = YES;
				CLANG_ENABLE_OBJC_WEAK = YES;
				CLANG_WARN_BLOCK_CAPTURE_AUTORELEASING = YES;
				CLANG_WARN_BOOL_CONVERSION = YES;
				CLANG_WARN_COMMA = YES;
				CLANG_WARN_CONSTANT_CONVERSION = YES;
				CLANG_WARN_DEPRECATED_OBJC_IMPLEMENTATIONS = YES;
				CLANG_WARN_DIRECT_OBJC_ISA_USAGE = YES_ERROR;
				CLANG_WARN_DOCUMENTATION_COMMENTS = YES;
				CLANG_WARN_EMPTY_BODY = YES;
				CLANG_WARN_ENUM_CONVERSION = YES;
				CLANG_WARN_INFINITE_RECURSION = YES;
				CLANG_WARN_INT_CONVERSION = YES;
				CLANG_WARN_NON_LITERAL_NULL_CONVERSION = YES;
				CLANG_WARN_OBJC_IMPLICIT_RETAIN_SELF = YES;
				CLANG_WARN_OBJC_LITERAL_CONVERSION = YES;
				CLANG_WARN_OBJC_ROOT_CLASS = YES_ERROR;
				CLANG_WARN_QUOTED_INCLUDE_IN_FRAMEWORK_HEADER = YES;
				CLANG_WARN_RANGE_LOOP_ANALYSIS = YES;
				CLANG_WARN_STRICT_PROTOTYPES = YES;
				CLANG_WARN_SUSPICIOUS_MOVE = YES;
				CLANG_WARN_UNGUARDED_AVAILABILITY = YES_AGGRESSIVE;
				CLANG_WARN_UNREACHABLE_CODE = YES;
				CLANG_WARN__DUPLICATE_METHOD_MATCH = YES;
				COPY_PHASE_STRIP = NO;
				DEBUG_INFORMATION_FORMAT = "dwarf-with-dsym";
				ENABLE_NS_ASSERTIONS = NO;
				ENABLE_STRICT_OBJC_MSGSEND = YES;
				GCC_C_LANGUAGE_STANDARD = gnu11;
				GCC_NO_COMMON_BLOCKS = YES;
				GCC_WARN_64_TO_32_BIT_CONVERSION = YES;
				GCC_WARN_ABOUT_RETURN_TYPE = YES_ERROR;
				GCC_WARN_UNDECLARED_SELECTOR = YES;
				GCC_WARN_UNINITIALIZED_AUTOS = YES_AGGRESSIVE;
				GCC_WARN_UNUSED_FUNCTION = YES;
				GCC_WARN_UNUSED_VARIABLE = YES;
				IPHONEOS_DEPLOYMENT_TARGET = 15.0;
				MTL_ENABLE_DEBUG_INFO = NO;
				MTL_FAST_MATH = YES;
				SDKROOT = iphoneos;
				SWIFT_COMPILATION_MODE = wholemodule;
				SWIFT_OPTIMIZATION_LEVEL = "-O";
				VALIDATE_PRODUCT = YES;
			};
			name = Release;
		};
		1211FC77276A10E500539AA0 /* Debug */ = {
			isa = XCBuildConfiguration;
			baseConfigurationReference = E832F246EC1888F746432905 /* Pods-Karrot.debug.xcconfig */;
			buildSettings = {
				ASSETCATALOG_COMPILER_APPICON_NAME = AppIcon;
				ASSETCATALOG_COMPILER_GLOBAL_ACCENT_COLOR_NAME = AccentColor;
				CODE_SIGN_STYLE = Automatic;
				CURRENT_PROJECT_VERSION = 1;
				DEVELOPMENT_TEAM = VZTRDYYN8R;
				GENERATE_INFOPLIST_FILE = YES;
				INFOPLIST_FILE = Karrot/Info.plist;
				INFOPLIST_KEY_UIApplicationSupportsIndirectInputEvents = YES;
				INFOPLIST_KEY_UILaunchStoryboardName = LaunchScreen;
				INFOPLIST_KEY_UIMainStoryboardFile = Main;
				INFOPLIST_KEY_UISupportedInterfaceOrientations_iPad = "UIInterfaceOrientationPortrait UIInterfaceOrientationPortraitUpsideDown UIInterfaceOrientationLandscapeLeft UIInterfaceOrientationLandscapeRight";
				INFOPLIST_KEY_UISupportedInterfaceOrientations_iPhone = "UIInterfaceOrientationPortrait UIInterfaceOrientationLandscapeLeft UIInterfaceOrientationLandscapeRight";
				LD_RUNPATH_SEARCH_PATHS = (
					"$(inherited)",
					"@executable_path/Frameworks",
				);
				MARKETING_VERSION = 1.0;
				PRODUCT_BUNDLE_IDENTIFIER = com.yongjun.Karrot;
				PRODUCT_NAME = "$(TARGET_NAME)";
				SWIFT_EMIT_LOC_STRINGS = YES;
				SWIFT_VERSION = 5.0;
				TARGETED_DEVICE_FAMILY = "1,2";
			};
			name = Debug;
		};
		1211FC78276A10E500539AA0 /* Release */ = {
			isa = XCBuildConfiguration;
			baseConfigurationReference = 088C83314FE23665D3CD6AE2 /* Pods-Karrot.release.xcconfig */;
			buildSettings = {
				ASSETCATALOG_COMPILER_APPICON_NAME = AppIcon;
				ASSETCATALOG_COMPILER_GLOBAL_ACCENT_COLOR_NAME = AccentColor;
				CODE_SIGN_STYLE = Automatic;
				CURRENT_PROJECT_VERSION = 1;
				DEVELOPMENT_TEAM = VZTRDYYN8R;
				GENERATE_INFOPLIST_FILE = YES;
				INFOPLIST_FILE = Karrot/Info.plist;
				INFOPLIST_KEY_UIApplicationSupportsIndirectInputEvents = YES;
				INFOPLIST_KEY_UILaunchStoryboardName = LaunchScreen;
				INFOPLIST_KEY_UIMainStoryboardFile = Main;
				INFOPLIST_KEY_UISupportedInterfaceOrientations_iPad = "UIInterfaceOrientationPortrait UIInterfaceOrientationPortraitUpsideDown UIInterfaceOrientationLandscapeLeft UIInterfaceOrientationLandscapeRight";
				INFOPLIST_KEY_UISupportedInterfaceOrientations_iPhone = "UIInterfaceOrientationPortrait UIInterfaceOrientationLandscapeLeft UIInterfaceOrientationLandscapeRight";
				LD_RUNPATH_SEARCH_PATHS = (
					"$(inherited)",
					"@executable_path/Frameworks",
				);
				MARKETING_VERSION = 1.0;
				PRODUCT_BUNDLE_IDENTIFIER = com.yongjun.Karrot;
				PRODUCT_NAME = "$(TARGET_NAME)";
				SWIFT_EMIT_LOC_STRINGS = YES;
				SWIFT_VERSION = 5.0;
				TARGETED_DEVICE_FAMILY = "1,2";
			};
			name = Release;
		};
/* End XCBuildConfiguration section */

/* Begin XCConfigurationList section */
		1211FC5D276A10E300539AA0 /* Build configuration list for PBXProject "Karrot" */ = {
			isa = XCConfigurationList;
			buildConfigurations = (
				1211FC74276A10E500539AA0 /* Debug */,
				1211FC75276A10E500539AA0 /* Release */,
			);
			defaultConfigurationIsVisible = 0;
			defaultConfigurationName = Release;
		};
		1211FC76276A10E500539AA0 /* Build configuration list for PBXNativeTarget "Karrot" */ = {
			isa = XCConfigurationList;
			buildConfigurations = (
				1211FC77276A10E500539AA0 /* Debug */,
				1211FC78276A10E500539AA0 /* Release */,
			);
			defaultConfigurationIsVisible = 0;
			defaultConfigurationName = Release;
		};
/* End XCConfigurationList section */
	};
	rootObject = 1211FC5A276A10E300539AA0 /* Project object */;
}
